
Microsoft Visual Studio Solution File, Format Version 12.00
# Visual Studio Version 17
VisualStudioVersion = 17.14.36518.9 d17.14
MinimumVisualStudioVersion = 10.0.40219.1
Project("{888888A0-9F3D-457C-B088-3A5042F75D52}") = "RRExporter", "RRExporter\RRExporter.pyproj", "{3D4A5CD0-9B9B-4A7B-B5BB-9C36B3DF2923}"
EndProject
Global
	GlobalSection(SolutionConfigurationPlatforms) = preSolution
		Debug|Any CPU = Debug|Any CPU
		Release|Any CPU = Release|Any CPU
	EndGlobalSection
	GlobalSection(ProjectConfigurationPlatforms) = postSolution
		{3D4A5CD0-9B9B-4A7B-B5BB-9C36B3DF2923}.Debug|Any CPU.ActiveCfg = Debug|Any CPU
		{3D4A5CD0-9B9B-4A7B-B5BB-9C36B3DF2923}.Release|Any CPU.ActiveCfg = Release|Any CPU
	EndGlobalSection
	GlobalSection(SolutionProperties) = preSolution
		HideSolutionNode = FALSE
	EndGlobalSection
	GlobalSection(ExtensibilityGlobals) = postSolution
		SolutionGuid = {43740922-0E5D-4EB7-A9BB-7725FBF8F5FA}
	EndGlobalSection
EndGlobal
